
Microsoft Visual Studio Solution File, Format Version 12.00
# Visual Studio Version 17
VisualStudioVersion = 17.3.32929.385
MinimumVisualStudioVersion = 10.0.40219.1
Project("{9A19103F-16F7-4668-BE54-9A1E7A4F7556}") = "ThePathogen", "ThePathogen.csproj", "{D583E569-7302-4D32-8157-09B1180730C3}"
EndProject
Project("{FAE04EC0-301F-11D3-BF4B-00C04F79EFBC}") = "ThePathogen_Prepatcher", "..\ThePathogen_Prepatcher\ThePathogen_Prepatcher.csproj", "{7DFCEB60-1750-4281-B357-A076376EF857}"
EndProject
Global
	GlobalSection(SolutionConfigurationPlatforms) = preSolution
		Debug|Any CPU = Debug|Any CPU
		Release|Any CPU = Release|Any CPU
	EndGlobalSection
	GlobalSection(ProjectConfigurationPlatforms) = postSolution
		{D583E569-7302-4D32-8157-09B1180730C3}.Debug|Any CPU.ActiveCfg = Debug|Any CPU
		{D583E569-7302-4D32-8157-09B1180730C3}.Debug|Any CPU.Build.0 = Debug|Any CPU
		{D583E569-7302-4D32-8157-09B1180730C3}.Release|Any CPU.ActiveCfg = Release|Any CPU
		{D583E569-7302-4D32-8157-09B1180730C3}.Release|Any CPU.Build.0 = Release|Any CPU
		{7DFCEB60-1750-4281-B357-A076376EF857}.Debug|Any CPU.ActiveCfg = Debug|Any CPU
		{7DFCEB60-1750-4281-B357-A076376EF857}.Debug|Any CPU.Build.0 = Debug|Any CPU
		{7DFCEB60-1750-4281-B357-A076376EF857}.Release|Any CPU.ActiveCfg = Release|Any CPU
		{7DFCEB60-1750-4281-B357-A076376EF857}.Release|Any CPU.Build.0 = Release|Any CPU
	EndGlobalSection
	GlobalSection(SolutionProperties) = preSolution
		HideSolutionNode = FALSE
	EndGlobalSection
	GlobalSection(ExtensibilityGlobals) = postSolution
		SolutionGuid = {543107C6-A63C-4174-88C0-E51C55A41683}
	EndGlobalSection
EndGlobal
